lockfileVersion: 5.4

specifiers:
  prisma: ~5.1.1

dependencies:
  prisma: 5.1.1

packages:

  /@prisma/engines/5.1.1:
    resolution: {integrity: sha512-NV/4nVNWFZSJCCIA3HIFJbbDKO/NARc9ej0tX5S9k2EVbkrFJC4Xt9b0u4rNZWL4V+F5LAjvta8vzEUw0rw+HA==}
    requiresBuild: true
    dev: false

  /prisma/5.1.1:
    resolution: {integrity: sha512-WJFG/U7sMmcc6TjJTTifTfpI6Wjoh55xl4AzopVwAdyK68L9/ogNo8QQ2cxuUjJf/Wa82z/uhyh3wMzvRIBphg==}
    engines: {node: '>=16.13'}
    hasBin: true
    requiresBuild: true
    dependencies:
      '@prisma/engines': 5.1.1
    dev: false
